
Microsoft Visual Studio Solution File, Format Version 12.00
# Visual Studio Version 16
VisualStudioVersion = 16.0.29613.14
MinimumVisualStudioVersion = 10.0.40219.1
Project("{FAE04EC0-301F-11D3-BF4B-00C04F79EFBC}") = "edfWPF", "edfWPF\edfWPF.csproj", "{524A8E88-85F5-461A-8F06-13E3DB7F06D9}"
EndProject
Global
	GlobalSection(SolutionConfigurationPlatforms) = preSolution
		Debug|Any CPU = Debug|Any CPU
		Release|Any CPU = Release|Any CPU
	EndGlobalSection
	GlobalSection(ProjectConfigurationPlatforms) = postSolution
		{524A8E88-85F5-461A-8F06-13E3DB7F06D9}.Debug|Any CPU.ActiveCfg = Debug|Any CPU
		{524A8E88-85F5-461A-8F06-13E3DB7F06D9}.Debug|Any CPU.Build.0 = Debug|Any CPU
		{524A8E88-85F5-461A-8F06-13E3DB7F06D9}.Release|Any CPU.ActiveCfg = Release|Any CPU
		{524A8E88-85F5-461A-8F06-13E3DB7F06D9}.Release|Any CPU.Build.0 = Release|Any CPU
	EndGlobalSection
	GlobalSection(SolutionProperties) = preSolution
		HideSolutionNode = FALSE
	EndGlobalSection
	GlobalSection(ExtensibilityGlobals) = postSolution
		SolutionGuid = {B8C8CE5A-21DE-4F40-8426-481FF02AE971}
	EndGlobalSection
EndGlobal
